
Microsoft Visual Studio Solution File, Format Version 12.00
# Visual Studio Version 17
VisualStudioVersion = 17.5.33516.290
MinimumVisualStudioVersion = 10.0.40219.1
Project("{FAE04EC0-301F-11D3-BF4B-00C04F79EFBC}") = "Calculator Project #1", "Calculator Project #1\Calculator Project #1.csproj", "{FAB5EF06-9F8E-46FA-A27E-BBD610A3588F}"
EndProject
Global
	GlobalSection(SolutionConfigurationPlatforms) = preSolution
		Debug|Any CPU = Debug|Any CPU
		Release|Any CPU = Release|Any CPU
	EndGlobalSection
	GlobalSection(ProjectConfigurationPlatforms) = postSolution
		{FAB5EF06-9F8E-46FA-A27E-BBD610A3588F}.Debug|Any CPU.ActiveCfg = Debug|Any CPU
		{FAB5EF06-9F8E-46FA-A27E-BBD610A3588F}.Debug|Any CPU.Build.0 = Debug|Any CPU
		{FAB5EF06-9F8E-46FA-A27E-BBD610A3588F}.Release|Any CPU.ActiveCfg = Release|Any CPU
		{FAB5EF06-9F8E-46FA-A27E-BBD610A3588F}.Release|Any CPU.Build.0 = Release|Any CPU
	EndGlobalSection
	GlobalSection(SolutionProperties) = preSolution
		HideSolutionNode = FALSE
	EndGlobalSection
	GlobalSection(ExtensibilityGlobals) = postSolution
		SolutionGuid = {B890AA45-2675-4549-9894-A078E39C178E}
	EndGlobalSection
EndGlobal
