
Microsoft Visual Studio Solution File, Format Version 12.00
# Visual Studio Version 17
VisualStudioVersion = 17.5.33516.290
MinimumVisualStudioVersion = 10.0.40219.1
Project("{FAE04EC0-301F-11D3-BF4B-00C04F79EFBC}") = "Banking Systm ver1.0", "Banking Systm ver1.0\Banking Systm ver1.0.csproj", "{857A9AD1-AE72-4247-A386-514AB7D86A24}"
EndProject
Global
	GlobalSection(SolutionConfigurationPlatforms) = preSolution
		Debug|Any CPU = Debug|Any CPU
		Release|Any CPU = Release|Any CPU
	EndGlobalSection
	GlobalSection(ProjectConfigurationPlatforms) = postSolution
		{857A9AD1-AE72-4247-A386-514AB7D86A24}.Debug|Any CPU.ActiveCfg = Debug|Any CPU
		{857A9AD1-AE72-4247-A386-514AB7D86A24}.Debug|Any CPU.Build.0 = Debug|Any CPU
		{857A9AD1-AE72-4247-A386-514AB7D86A24}.Release|Any CPU.ActiveCfg = Release|Any CPU
		{857A9AD1-AE72-4247-A386-514AB7D86A24}.Release|Any CPU.Build.0 = Release|Any CPU
	EndGlobalSection
	GlobalSection(SolutionProperties) = preSolution
		HideSolutionNode = FALSE
	EndGlobalSection
	GlobalSection(ExtensibilityGlobals) = postSolution
		SolutionGuid = {D38BC542-DD37-472E-A630-913F7350DE56}
	EndGlobalSection
EndGlobal
